// !$*UTF8*$!
{
	archiveVersion = 1;
	classes = {
	};
	objectVersion = 51;
	objects = {

/* Begin PBXBuildFile section */
		641D92B025420815006CD040 /* UpComing.swift in Sources */ = {isa = PBXBuildFile; fileRef = 641D92AF25420815006CD040 /* UpComing.swift */; };
		641D92B525422CC6006CD040 /* SetImage.swift in Sources */ = {isa = PBXBuildFile; fileRef = 641D92B425422CC6006CD040 /* SetImage.swift */; };
		643096C72540983E00E6D1BD /* AppDelegate.swift in Sources */ = {isa = PBXBuildFile; fileRef = 643096C62540983E00E6D1BD /* AppDelegate.swift */; };
		643096C92540983E00E6D1BD /* SceneDelegate.swift in Sources */ = {isa = PBXBuildFile; fileRef = 643096C82540983E00E6D1BD /* SceneDelegate.swift */; };
		643096CB2540983E00E6D1BD /* ListViewController.swift in Sources */ = {isa = PBXBuildFile; fileRef = 643096CA2540983E00E6D1BD /* ListViewController.swift */; };
		643096CE2540983E00E6D1BD /* Main.storyboard in Resources */ = {isa = PBXBuildFile; fileRef = 643096CC2540983E00E6D1BD /* Main.storyboard */; };
		643096D32540984300E6D1BD /* LaunchScreen.storyboard in Resources */ = {isa = PBXBuildFile; fileRef = 643096D12540984300E6D1BD /* LaunchScreen.storyboard */; };
		643096DB2540991600E6D1BD /* MovieDetailViewController.swift in Sources */ = {isa = PBXBuildFile; fileRef = 643096DA2540991600E6D1BD /* MovieDetailViewController.swift */; };
		644BE9E32543666400700397 /* Assets.xcassets in Resources */ = {isa = PBXBuildFile; fileRef = 644BE9E22543666400700397 /* Assets.xcassets */; };
		64629D7225418B360072077D /* NowPlaying.swift in Sources */ = {isa = PBXBuildFile; fileRef = 64629D7125418B360072077D /* NowPlaying.swift */; };
		64629D75254199390072077D /* TableViewCell.swift in Sources */ = {isa = PBXBuildFile; fileRef = 64629D73254199390072077D /* TableViewCell.swift */; };
		64629D76254199390072077D /* TableViewCell.xib in Resources */ = {isa = PBXBuildFile; fileRef = 64629D74254199390072077D /* TableViewCell.xib */; };
		64EB837925434A6F008F302E /* SliderCollectionViewCell.swift in Sources */ = {isa = PBXBuildFile; fileRef = 64EB837725434A6F008F302E /* SliderCollectionViewCell.swift */; };
		64EB837A25434A6F008F302E /* SliderCollectionViewCell.xib in Resources */ = {isa = PBXBuildFile; fileRef = 64EB837825434A6F008F302E /* SliderCollectionViewCell.xib */; };
		CA1C6BF9A4F63B68A3AE7683 /* Pods_movieApp.framework in Frameworks */ = {isa = PBXBuildFile; fileRef = 5528808D2B5BB241064DEEEF /* Pods_movieApp.framework */; };
/* End PBXBuildFile section */

/* Begin PBXFileReference section */
		442F7B5F6E48970E7F6C854A /* Pods-movieApp.release.xcconfig */ = {isa = PBXFileReference; includeInIndex = 1; lastKnownFileType = text.xcconfig; name = "Pods-movieApp.release.xcconfig"; path = "Target Support Files/Pods-movieApp/Pods-movieApp.release.xcconfig"; sourceTree = "<group>"; };
		5528808D2B5BB241064DEEEF /* Pods_movieApp.framework */ = {isa = PBXFileReference; explicitFileType = wrapper.framework; includeInIndex = 0; path = Pods_movieApp.framework; sourceTree = BUILT_PRODUCTS_DIR; };
		641D92AF25420815006CD040 /* UpComing.swift */ = {isa = PBXFileReference; lastKnownFileType = sourcecode.swift; path = UpComing.swift; sourceTree = "<group>"; };
		641D92B425422CC6006CD040 /* SetImage.swift */ = {isa = PBXFileReference; lastKnownFileType = sourcecode.swift; path = SetImage.swift; sourceTree = "<group>"; };
		643096C32540983E00E6D1BD /* movieApp.app */ = {isa = PBXFileReference; explicitFileType = wrapper.application; includeInIndex = 0; path = movieApp.app; sourceTree = BUILT_PRODUCTS_DIR; };
		643096C62540983E00E6D1BD /* AppDelegate.swift */ = {isa = PBXFileReference; lastKnownFileType = sourcecode.swift; path = AppDelegate.swift; sourceTree = "<group>"; };
		643096C82540983E00E6D1BD /* SceneDelegate.swift */ = {isa = PBXFileReference; lastKnownFileType = sourcecode.swift; path = SceneDelegate.swift; sourceTree = "<group>"; };
		643096CA2540983E00E6D1BD /* ListViewController.swift */ = {isa = PBXFileReference; lastKnownFileType = sourcecode.swift; path = ListViewController.swift; sourceTree = "<group>"; };
		643096CD2540983E00E6D1BD /* Base */ = {isa = PBXFileReference; lastKnownFileType = file.storyboard; name = Base; path = Base.lproj/Main.storyboard; sourceTree = "<group>"; };
		643096D22540984300E6D1BD /* Base */ = {isa = PBXFileReference; lastKnownFileType = file.storyboard; name = Base; path = Base.lproj/LaunchScreen.storyboard; sourceTree = "<group>"; };
		643096D42540984300E6D1BD /* Info.plist */ = {isa = PBXFileReference; lastKnownFileType = text.plist.xml; path = Info.plist; sourceTree = "<group>"; };
		643096DA2540991600E6D1BD /* MovieDetailViewController.swift */ = {isa = PBXFileReference; lastKnownFileType = sourcecode.swift; path = MovieDetailViewController.swift; sourceTree = "<group>"; };
		644BE9E22543666400700397 /* Assets.xcassets */ = {isa = PBXFileReference; lastKnownFileType = folder.assetcatalog; path = Assets.xcassets; sourceTree = "<group>"; };
		64629D7125418B360072077D /* NowPlaying.swift */ = {isa = PBXFileReference; lastKnownFileType = sourcecode.swift; path = NowPlaying.swift; sourceTree = "<group>"; };
		64629D73254199390072077D /* TableViewCell.swift */ = {isa = PBXFileReference; lastKnownFileType = sourcecode.swift; path = TableViewCell.swift; sourceTree = "<group>"; };
		64629D74254199390072077D /* TableViewCell.xib */ = {isa = PBXFileReference; lastKnownFileType = file.xib; path = TableViewCell.xib; sourceTree = "<group>"; };
		64EB837725434A6F008F302E /* SliderCollectionViewCell.swift */ = {isa = PBXFileReference; lastKnownFileType = sourcecode.swift; path = SliderCollectionViewCell.swift; sourceTree = "<group>"; };
		64EB837825434A6F008F302E /* SliderCollectionViewCell.xib */ = {isa = PBXFileReference; lastKnownFileType = file.xib; path = SliderCollectionViewCell.xib; sourceTree = "<group>"; };
		D31D28CDD7D27DDBAE7473B2 /* Pods-movieApp.debug.xcconfig */ = {isa = PBXFileReference; includeInIndex = 1; lastKnownFileType = text.xcconfig; name = "Pods-movieApp.debug.xcconfig"; path = "Target Support Files/Pods-movieApp/Pods-movieApp.debug.xcconfig"; sourceTree = "<group>"; };
/* End PBXFileReference section */

/* Begin PBXFrameworksBuildPhase section */
		643096C02540983E00E6D1BD /* Frameworks */ = {
			isa = PBXFrameworksBuildPhase;
			buildActionMask = 2147483647;
			files = (
				CA1C6BF9A4F63B68A3AE7683 /* Pods_movieApp.framework in Frameworks */,
			);
			runOnlyForDeploymentPostprocessing = 0;
		};
/* End PBXFrameworksBuildPhase section */

/* Begin PBXGroup section */
		24F1306ADBD274052401F0C7 /* Frameworks */ = {
			isa = PBXGroup;
			children = (
				5528808D2B5BB241064DEEEF /* Pods_movieApp.framework */,
			);
			name = Frameworks;
			sourceTree = "<group>";
		};
		5B607B9261A8CBFC60A342AD /* Pods */ = {
			isa = PBXGroup;
			children = (
				D31D28CDD7D27DDBAE7473B2 /* Pods-movieApp.debug.xcconfig */,
				442F7B5F6E48970E7F6C854A /* Pods-movieApp.release.xcconfig */,
			);
			path = Pods;
			sourceTree = "<group>";
		};
		641D92B325422C45006CD040 /* Extension */ = {
			isa = PBXGroup;
			children = (
				641D92B425422CC6006CD040 /* SetImage.swift */,
			);
			path = Extension;
			sourceTree = "<group>";
		};
		643096BA2540983E00E6D1BD = {
			isa = PBXGroup;
			children = (
				643096C52540983E00E6D1BD /* movieApp */,
				643096C42540983E00E6D1BD /* Products */,
				5B607B9261A8CBFC60A342AD /* Pods */,
				24F1306ADBD274052401F0C7 /* Frameworks */,
			);
			sourceTree = "<group>";
		};
		643096C42540983E00E6D1BD /* Products */ = {
			isa = PBXGroup;
			children = (
				643096C32540983E00E6D1BD /* movieApp.app */,
			);
			name = Products;
			sourceTree = "<group>";
		};
		643096C52540983E00E6D1BD /* movieApp */ = {
			isa = PBXGroup;
			children = (
				64FE32102540A98500D00963 /* Model */,
				64FE32112540A99800D00963 /* View */,
				64FE320F2540A95F00D00963 /* Controller */,
				641D92B325422C45006CD040 /* Extension */,
				64FE32122540AA4100D00963 /* Resources */,
				643096C62540983E00E6D1BD /* AppDelegate.swift */,
				643096C82540983E00E6D1BD /* SceneDelegate.swift */,
				643096D42540984300E6D1BD /* Info.plist */,
			);
			path = movieApp;
			sourceTree = "<group>";
		};
		64FE320F2540A95F00D00963 /* Controller */ = {
			isa = PBXGroup;
			children = (
				643096CA2540983E00E6D1BD /* ListViewController.swift */,
				643096DA2540991600E6D1BD /* MovieDetailViewController.swift */,
			);
			path = Controller;
			sourceTree = "<group>";
		};
		64FE32102540A98500D00963 /* Model */ = {
			isa = PBXGroup;
			children = (
				64EB837725434A6F008F302E /* SliderCollectionViewCell.swift */,
				64629D73254199390072077D /* TableViewCell.swift */,
				64629D7125418B360072077D /* NowPlaying.swift */,
				641D92AF25420815006CD040 /* UpComing.swift */,
			);
			path = Model;
			sourceTree = "<group>";
		};
		64FE32112540A99800D00963 /* View */ = {
			isa = PBXGroup;
			children = (
				643096CC2540983E00E6D1BD /* Main.storyboard */,
				64629D74254199390072077D /* TableViewCell.xib */,
				64EB837825434A6F008F302E /* SliderCollectionViewCell.xib */,
				643096D12540984300E6D1BD /* LaunchScreen.storyboard */,
				644BE9E22543666400700397 /* Assets.xcassets */,
			);
			path = View;
			sourceTree = "<group>";
		};
		64FE32122540AA4100D00963 /* Resources */ = {
			isa = PBXGroup;
			children = (
			);
			path = Resources;
			sourceTree = "<group>";
		};
/* End PBXGroup section */

/* Begin PBXNativeTarget section */
		643096C22540983E00E6D1BD /* movieApp */ = {
			isa = PBXNativeTarget;
			buildConfigurationList = 643096D72540984300E6D1BD /* Build configuration list for PBXNativeTarget "movieApp" */;
			buildPhases = (
				751B32B518D94A57D96B1BD2 /* [CP] Check Pods Manifest.lock */,
				643096BF2540983E00E6D1BD /* Sources */,
				643096C02540983E00E6D1BD /* Frameworks */,
				643096C12540983E00E6D1BD /* Resources */,
				AA9514AF418C6702C0F2ECDB /* [CP] Embed Pods Frameworks */,
			);
			buildRules = (
			);
			dependencies = (
			);
			name = movieApp;
			productName = movieApp;
			productReference = 643096C32540983E00E6D1BD /* movieApp.app */;
			productType = "com.apple.product-type.application";
		};
/* End PBXNativeTarget section */

/* Begin PBXProject section */
		643096BB2540983E00E6D1BD /* Project object */ = {
			isa = PBXProject;
			attributes = {
				LastSwiftUpdateCheck = 1130;
				LastUpgradeCheck = 1130;
				ORGANIZATIONNAME = Sifa;
				TargetAttributes = {
					643096C22540983E00E6D1BD = {
						CreatedOnToolsVersion = 11.3.1;
					};
				};
			};
			buildConfigurationList = 643096BE2540983E00E6D1BD /* Build configuration list for PBXProject "movieApp" */;
			compatibilityVersion = "Xcode 9.3";
			developmentRegion = en;
			hasScannedForEncodings = 0;
			knownRegions = (
				en,
				Base,
			);
			mainGroup = 643096BA2540983E00E6D1BD;
			productRefGroup = 643096C42540983E00E6D1BD /* Products */;
			projectDirPath = "";
			projectRoot = "";
			targets = (
				643096C22540983E00E6D1BD /* movieApp */,
			);
		};
/* End PBXProject section */

/* Begin PBXResourcesBuildPhase section */
		643096C12540983E00E6D1BD /* Resources */ = {
			isa = PBXResourcesBuildPhase;
			buildActionMask = 2147483647;
			files = (
				64629D76254199390072077D /* TableViewCell.xib in Resources */,
				643096D32540984300E6D1BD /* LaunchScreen.storyboard in Resources */,
				643096CE2540983E00E6D1BD /* Main.storyboard in Resources */,
				64EB837A25434A6F008F302E /* SliderCollectionViewCell.xib in Resources */,
				644BE9E32543666400700397 /* Assets.xcassets in Resources */,
			);
			runOnlyForDeploymentPostprocessing = 0;
		};
/* End PBXResourcesBuildPhase section */

/* Begin PBXShellScriptBuildPhase section */
		751B32B518D94A57D96B1BD2 /* [CP] Check Pods Manifest.lock */ = {
			isa = PBXShellScriptBuildPhase;
			buildActionMask = 2147483647;
			files = (
			);
			inputFileListPaths = (
			);
			inputPaths = (
				"${PODS_PODFILE_DIR_PATH}/Podfile.lock",
				"${PODS_ROOT}/Manifest.lock",
			);
			name = "[CP] Check Pods Manifest.lock";
			outputFileListPaths = (
			);
			outputPaths = (
				"$(DERIVED_FILE_DIR)/Pods-movieApp-checkManifestLockResult.txt",
			);
			runOnlyForDeploymentPostprocessing = 0;
			shellPath = /bin/sh;
			shellScript = "diff \"${PODS_PODFILE_DIR_PATH}/Podfile.lock\" \"${PODS_ROOT}/Manifest.lock\" > /dev/null\nif [ $? != 0 ] ; then\n    # print error to STDERR\n    echo \"error: The sandbox is not in sync with the Podfile.lock. Run 'pod install' or update your CocoaPods installation.\" >&2\n    exit 1\nfi\n# This output is used by Xcode 'outputs' to avoid re-running this script phase.\necho \"SUCCESS\" > \"${SCRIPT_OUTPUT_FILE_0}\"\n";
			showEnvVarsInLog = 0;
		};
		AA9514AF418C6702C0F2ECDB /* [CP] Embed Pods Frameworks */ = {
			isa = PBXShellScriptBuildPhase;
			buildActionMask = 2147483647;
			files = (
			);
			inputFileListPaths = (
				"${PODS_ROOT}/Target Support Files/Pods-movieApp/Pods-movieApp-frameworks-${CONFIGURATION}-input-files.xcfilelist",
			);
			name = "[CP] Embed Pods Frameworks";
			outputFileListPaths = (
				"${PODS_ROOT}/Target Support Files/Pods-movieApp/Pods-movieApp-frameworks-${CONFIGURATION}-output-files.xcfilelist",
			);
			runOnlyForDeploymentPostprocessing = 0;
			shellPath = /bin/sh;
			shellScript = "\"${PODS_ROOT}/Target Support Files/Pods-movieApp/Pods-movieApp-frameworks.sh\"\n";
			showEnvVarsInLog = 0;
		};
/* End PBXShellScriptBuildPhase section */

/* Begin PBXSourcesBuildPhase section */
		643096BF2540983E00E6D1BD /* Sources */ = {
			isa = PBXSourcesBuildPhase;
			buildActionMask = 2147483647;
			files = (
				641D92B525422CC6006CD040 /* SetImage.swift in Sources */,
				64629D7225418B360072077D /* NowPlaying.swift in Sources */,
				643096DB2540991600E6D1BD /* MovieDetailViewController.swift in Sources */,
				643096CB2540983E00E6D1BD /* ListViewController.swift in Sources */,
				64629D75254199390072077D /* TableViewCell.swift in Sources */,
				641D92B025420815006CD040 /* UpComing.swift in Sources */,
				64EB837925434A6F008F302E /* SliderCollectionViewCell.swift in Sources */,
				643096C72540983E00E6D1BD /* AppDelegate.swift in Sources */,
				643096C92540983E00E6D1BD /* SceneDelegate.swift in Sources */,
			);
			runOnlyForDeploymentPostprocessing = 0;
		};
/* End PBXSourcesBuildPhase section */

/* Begin PBXVariantGroup section */
		643096CC2540983E00E6D1BD /* Main.storyboard */ = {
			isa = PBXVariantGroup;
			children = (
				643096CD2540983E00E6D1BD /* Base */,
			);
			name = Main.storyboard;
			sourceTree = "<group>";
		};
		643096D12540984300E6D1BD /* LaunchScreen.storyboard */ = {
			isa = PBXVariantGroup;
			children = (
				643096D22540984300E6D1BD /* Base */,
			);
			name = LaunchScreen.storyboard;
			sourceTree = "<group>";
		};
/* End PBXVariantGroup section */

/* Begin XCBuildConfiguration section */
		643096D52540984300E6D1BD /* Debug */ = {
			isa = XCBuildConfiguration;
			buildSettings = {
				ALWAYS_SEARCH_USER_PATHS = NO;
				CLANG_ANALYZER_NONNULL = YES;
				CLANG_ANALYZER_NUMBER_OBJECT_CONVERSION = YES_AGGRESSIVE;
				CLANG_CXX_LANGUAGE_STANDARD = "gnu++14";
				CLANG_CXX_LIBRARY = "libc++";
				CLANG_ENABLE_MODULES = YES;
				CLANG_ENABLE_OBJC_ARC = YES;
				CLANG_ENABLE_OBJC_WEAK = YES;
				CLANG_WARN_BLOCK_CAPTURE_AUTORELEASING = YES;
				CLANG_WARN_BOOL_CONVERSION = YES;
				CLANG_WARN_COMMA = YES;
				CLANG_WARN_CONSTANT_CONVERSION = YES;
				CLANG_WARN_DEPRECATED_OBJC_IMPLEMENTATIONS = YES;
				CLANG_WARN_DIRECT_OBJC_ISA_USAGE = YES_ERROR;
				CLANG_WARN_DOCUMENTATION_COMMENTS = YES;
				CLANG_WARN_EMPTY_BODY = YES;
				CLANG_WARN_ENUM_CONVERSION = YES;
				CLANG_WARN_INFINITE_RECURSION = YES;
				CLANG_WARN_INT_CONVERSION = YES;
				CLANG_WARN_NON_LITERAL_NULL_CONVERSION = YES;
				CLANG_WARN_OBJC_IMPLICIT_RETAIN_SELF = YES;
				CLANG_WARN_OBJC_LITERAL_CONVERSION = YES;
				CLANG_WARN_OBJC_ROOT_CLASS = YES_ERROR;
				CLANG_WARN_RANGE_LOOP_ANALYSIS = YES;
				CLANG_WARN_STRICT_PROTOTYPES = YES;
				CLANG_WARN_SUSPICIOUS_MOVE = YES;
				CLANG_WARN_UNGUARDED_AVAILABILITY = YES_AGGRESSIVE;
				CLANG_WARN_UNREACHABLE_CODE = YES;
				CLANG_WARN__DUPLICATE_METHOD_MATCH = YES;
				COPY_PHASE_STRIP = NO;
				DEBUG_INFORMATION_FORMAT = dwarf;
				ENABLE_STRICT_OBJC_MSGSEND = YES;
				ENABLE_TESTABILITY = YES;
				GCC_C_LANGUAGE_STANDARD = gnu11;
				GCC_DYNAMIC_NO_PIC = NO;
				GCC_NO_COMMON_BLOCKS = YES;
				GCC_OPTIMIZATION_LEVEL = 0;
				GCC_PREPROCESSOR_DEFINITIONS = (
					"DEBUG=1",
					"$(inherited)",
				);
				GCC_WARN_64_TO_32_BIT_CONVERSION = YES;
				GCC_WARN_ABOUT_RETURN_TYPE = YES_ERROR;
				GCC_WARN_UNDECLARED_SELECTOR = YES;
				GCC_WARN_UNINITIALIZED_AUTOS = YES_AGGRESSIVE;
				GCC_WARN_UNUSED_FUNCTION = YES;
				GCC_WARN_UNUSED_VARIABLE = YES;
				IPHONEOS_DEPLOYMENT_TARGET = 13.2;
				MTL_ENABLE_DEBUG_INFO = INCLUDE_SOURCE;
				MTL_FAST_MATH = YES;
				ONLY_ACTIVE_ARCH = YES;
				SDKROOT = iphoneos;
				SWIFT_ACTIVE_COMPILATION_CONDITIONS = DEBUG;
				SWIFT_OPTIMIZATION_LEVEL = "-Onone";
			};
			name = Debug;
		};
		643096D62540984300E6D1BD /* Release */ = {
			isa = XCBuildConfiguration;
			buildSettings = {
				ALWAYS_SEARCH_USER_PATHS = NO;
				CLANG_ANALYZER_NONNULL = YES;
				CLANG_ANALYZER_NUMBER_OBJECT_CONVERSION = YES_AGGRESSIVE;
				CLANG_CXX_LANGUAGE_STANDARD = "gnu++14";
				CLANG_CXX_LIBRARY = "libc++";
				CLANG_ENABLE_MODULES = YES;
				CLANG_ENABLE_OBJC_ARC = YES;
				CLANG_ENABLE_OBJC_WEAK = YES;
				CLANG_WARN_BLOCK_CAPTURE_AUTORELEASING = YES;
				CLANG_WARN_BOOL_CONVERSION = YES;
				CLANG_WARN_COMMA = YES;
				CLANG_WARN_CONSTANT_CONVERSION = YES;
				CLANG_WARN_DEPRECATED_OBJC_IMPLEMENTATIONS = YES;
				CLANG_WARN_DIRECT_OBJC_ISA_USAGE = YES_ERROR;
				CLANG_WARN_DOCUMENTATION_COMMENTS = YES;
				CLANG_WARN_EMPTY_BODY = YES;
				CLANG_WARN_ENUM_CONVERSION = YES;
				CLANG_WARN_INFINITE_RECURSION = YES;
				CLANG_WARN_INT_CONVERSION = YES;
				CLANG_WARN_NON_LITERAL_NULL_CONVERSION = YES;
				CLANG_WARN_OBJC_IMPLICIT_RETAIN_SELF = YES;
				CLANG_WARN_OBJC_LITERAL_CONVERSION = YES;
				CLANG_WARN_OBJC_ROOT_CLASS = YES_ERROR;
				CLANG_WARN_RANGE_LOOP_ANALYSIS = YES;
				CLANG_WARN_STRICT_PROTOTYPES = YES;
				CLANG_WARN_SUSPICIOUS_MOVE = YES;
				CLANG_WARN_UNGUARDED_AVAILABILITY = YES_AGGRESSIVE;
				CLANG_WARN_UNREACHABLE_CODE = YES;
				CLANG_WARN__DUPLICATE_METHOD_MATCH = YES;
				COPY_PHASE_STRIP = NO;
				DEBUG_INFORMATION_FORMAT = "dwarf-with-dsym";
				ENABLE_NS_ASSERTIONS = NO;
				ENABLE_STRICT_OBJC_MSGSEND = YES;
				GCC_C_LANGUAGE_STANDARD = gnu11;
				GCC_NO_COMMON_BLOCKS = YES;
				GCC_WARN_64_TO_32_BIT_CONVERSION = YES;
				GCC_WARN_ABOUT_RETURN_TYPE = YES_ERROR;
				GCC_WARN_UNDECLARED_SELECTOR = YES;
				GCC_WARN_UNINITIALIZED_AUTOS = YES_AGGRESSIVE;
				GCC_WARN_UNUSED_FUNCTION = YES;
				GCC_WARN_UNUSED_VARIABLE = YES;
				IPHONEOS_DEPLOYMENT_TARGET = 13.2;
				MTL_ENABLE_DEBUG_INFO = NO;
				MTL_FAST_MATH = YES;
				SDKROOT = iphoneos;
				SWIFT_COMPILATION_MODE = wholemodule;
				SWIFT_OPTIMIZATION_LEVEL = "-O";
				VALIDATE_PRODUCT = YES;
			};
			name = Release;
		};
		643096D82540984300E6D1BD /* Debug */ = {
			isa = XCBuildConfiguration;
			baseConfigurationReference = D31D28CDD7D27DDBAE7473B2 /* Pods-movieApp.debug.xcconfig */;
			buildSettings = {
				CODE_SIGN_STYLE = Automatic;
				INFOPLIST_FILE = movieApp/Info.plist;
				LD_RUNPATH_SEARCH_PATHS = (
					"$(inherited)",
					"@executable_path/Frameworks",
				);
				PRODUCT_BUNDLE_IDENTIFIER = developer.movieApp;
				PRODUCT_NAME = "$(TARGET_NAME)";
				SWIFT_VERSION = 5.0;
				TARGETED_DEVICE_FAMILY = "1,2";
			};
			name = Debug;
		};
		643096D92540984300E6D1BD /* Release */ = {
			isa = XCBuildConfiguration;
			baseConfigurationReference = 442F7B5F6E48970E7F6C854A /* Pods-movieApp.release.xcconfig */;
			buildSettings = {
				CODE_SIGN_STYLE = Automatic;
				INFOPLIST_FILE = movieApp/Info.plist;
				LD_RUNPATH_SEARCH_PATHS = (
					"$(inherited)",
					"@executable_path/Frameworks",
				);
				PRODUCT_BUNDLE_IDENTIFIER = developer.movieApp;
				PRODUCT_NAME = "$(TARGET_NAME)";
				SWIFT_VERSION = 5.0;
				TARGETED_DEVICE_FAMILY = "1,2";
			};
			name = Release;
		};
/* End XCBuildConfiguration section */

/* Begin XCConfigurationList section */
		643096BE2540983E00E6D1BD /* Build configuration list for PBXProject "movieApp" */ = {
			isa = XCConfigurationList;
			buildConfigurations = (
				643096D52540984300E6D1BD /* Debug */,
				643096D62540984300E6D1BD /* Release */,
			);
			defaultConfigurationIsVisible = 0;
			defaultConfigurationName = Release;
		};
		643096D72540984300E6D1BD /* Build configuration list for PBXNativeTarget "movieApp" */ = {
			isa = XCConfigurationList;
			buildConfigurations = (
				643096D82540984300E6D1BD /* Debug */,
				643096D92540984300E6D1BD /* Release */,
			);
			defaultConfigurationIsVisible = 0;
			defaultConfigurationName = Release;
		};
/* End XCConfigurationList section */
	};
	rootObject = 643096BB2540983E00E6D1BD /* Project object */;
}
